{
  "nodes": {
    "firefox-addons": {
      "inputs": {
        "flake-utils": "flake-utils",
        "nixpkgs": "nixpkgs"
      },
      "locked": {
        "dir": "pkgs/firefox-addons",
        "lastModified": 1740888229,
        "narHash": "sha256-1MU1oKjUuClivWTvJRIdWphLRoY8EByHgt2nr4IpwtA=",
        "owner": "rycee",
        "repo": "nur-expressions",
        "rev": "1e46c2a53468ce23870a510123f5c4b4702f16b1",
        "type": "gitlab"
      },
      "original": {
        "dir": "pkgs/firefox-addons",
        "owner": "rycee",
        "repo": "nur-expressions",
        "type": "gitlab"
      }
    },
    "flake-utils": {
      "locked": {
        "lastModified": 1629284811,
        "narHash": "sha256-JHgasjPR0/J1J3DRm4KxM4zTyAj4IOJY8vIl75v/kPI=",
        "owner": "numtide",
        "repo": "flake-utils",
        "rev": "c5d161cc0af116a2e17f54316f0bf43f0819785c",
        "type": "github"
      },
      "original": {
        "owner": "numtide",
        "repo": "flake-utils",
        "type": "github"
      }
    },
    "home-manager": {
      "inputs": {
        "nixpkgs": [
          "nixpkgs"
        ]
      },
      "locked": {
        "lastModified": 1739757849,
        "narHash": "sha256-Gs076ot1YuAAsYVcyidLKUMIc4ooOaRGO0PqTY7sBzA=",
        "owner": "nix-community",
        "repo": "home-manager",
        "rev": "9d3d080aec2a35e05a15cedd281c2384767c2cfe",
        "type": "github"
      },
      "original": {
        "owner": "nix-community",
        "ref": "release-24.11",
        "repo": "home-manager",
        "type": "github"
      }
    },
    "nixpkgs": {
      "locked": {
        "lastModified": 1627814220,
        "narHash": "sha256-P+MDgdZw2CBk9X1ZZaUgHgN+32pTfLFf3XVIBOXirI4=",
        "owner": "nixos",
        "repo": "nixpkgs",
        "rev": "ab5b6828af26215bf2646c31961da5d3749591ef",
        "type": "github"
      },
      "original": {
        "owner": "nixos",
        "ref": "nixpkgs-unstable",
        "repo": "nixpkgs",
        "type": "github"
      }
    },
    "nixpkgs-unstable": {
      "locked": {
        "lastModified": 1740695751,
        "narHash": "sha256-D+R+kFxy1KsheiIzkkx/6L63wEHBYX21OIwlFV8JvDs=",
        "owner": "nixos",
        "repo": "nixpkgs",
        "rev": "6313551cd05425cd5b3e63fe47dbc324eabb15e4",
        "type": "github"
      },
      "original": {
        "owner": "nixos",
        "ref": "nixos-unstable",
        "repo": "nixpkgs",
        "type": "github"
      }
    },
    "nixpkgs_2": {
      "locked": {
        "lastModified": 1740743217,
        "narHash": "sha256-brsCRzLqimpyhORma84c3W2xPbIidZlIc3JGIuQVSNI=",
        "owner": "nixos",
        "repo": "nixpkgs",
        "rev": "b27ba4eb322d9d2bf2dc9ada9fd59442f50c8d7c",
        "type": "github"
      },
      "original": {
        "owner": "nixos",
        "ref": "nixos-24.11",
        "repo": "nixpkgs",
        "type": "github"
      }
    },
    "root": {
      "inputs": {
        "firefox-addons": "firefox-addons",
        "home-manager": "home-manager",
        "nixpkgs": "nixpkgs_2",
        "nixpkgs-unstable": "nixpkgs-unstable",
        "sops-nix": "sops-nix"
      }
    },
    "sops-nix": {
      "inputs": {
        "nixpkgs": [
          "nixpkgs"
        ]
      },
      "locked": {
        "lastModified": 1739262228,
        "narHash": "sha256-7JAGezJ0Dn5qIyA2+T4Dt/xQgAbhCglh6lzCekTVMeU=",
        "owner": "Mic92",
        "repo": "sops-nix",
        "rev": "07af005bb7d60c7f118d9d9f5530485da5d1e975",
        "type": "github"
      },
      "original": {
        "owner": "Mic92",
        "repo": "sops-nix",
        "type": "github"
      }
    }
  },
  "root": "root",
  "version": 7
}
